<?xml version="1.0" encoding="utf-8"?>
<Project ToolsVersion="4.0" xmlns="http://schemas.microsoft.com/developer/msbuild/2003">
  <ItemGroup>
    <Filter Include="Source Files">
      <UniqueIdentifier>{4FC737F1-C7A5-4376-A066-2A32D752A2FF}</UniqueIdentifier>
      <Extensions>cpp;c;cc;cxx;def;odl;idl;hpj;bat;asm;asmx</Extensions>
    </Filter>
    <Filter Include="Header Files">
      <UniqueIdentifier>{93995380-89BD-4b04-88EB-625FBE52EBFB}</UniqueIdentifier>
      <Extensions>h;hh;hpp;hxx;hm;inl;inc;xsd</Extensions>
    </Filter>
    <Filter Include="Resource Files">
      <UniqueIdentifier>{67DA6AB6-F800-4c08-8B7A-83BB121AAD01}</UniqueIdentifier>
      <Extensions>rc;ico;cur;bmp;dlg;rc2;rct;bin;rgs;gif;jpg;jpeg;jpe;resx;tiff;tif;png;wav;mfcribbon-ms</Extensions>
    </Filter>
    <Filter Include="Source Files\utils">
      <UniqueIdentifier>{7982ea0e-c78c-4868-9066-8e847b33821a}</UniqueIdentifier>
    </Filter>
    <Filter Include="Source Files\rsbin">
      <UniqueIdentifier>{4d895bd6-4876-4316-bdaa-9435bf4d05b5}</UniqueIdentifier>
    </Filter>
    <Filter Include="Source Files\graphics">
      <UniqueIdentifier>{126c0856-0a5d-4023-8ce6-7c7be5b52f3e}</UniqueIdentifier>
    </Filter>
  </ItemGroup>
  <ItemGroup>
    <ClCompile Include="..\..\utils\cbase.cpp">
      <Filter>Source Files\utils</Filter>
    </ClCompile>
    <ClCompile Include="..\..\utils\configset.cpp">
      <Filter>Source Files\utils</Filter>
    </ClCompile>
    <ClCompile Include="..\..\utils\console.cpp">
      <Filter>Source Files\utils</Filter>
    </ClCompile>
    <ClCompile Include="..\..\utils\cyclicbuffer.cpp">
      <Filter>Source Files\utils</Filter>
    </ClCompile>
    <ClCompile Include="..\..\utils\encoding.cpp">
      <Filter>Source Files\utils</Filter>
    </ClCompile>
    <ClCompile Include="..\..\utils\path.cpp">
      <Filter>Source Files\utils</Filter>
    </ClCompile>
    <ClCompile Include="..\..\rsbin\common.cpp">
      <Filter>Source Files\rsbin</Filter>
    </ClCompile>
    <ClCompile Include="..\..\rsbin\fileio.cpp">
      <Filter>Source Files\rsbin</Filter>
    </ClCompile>
    <ClCompile Include="..\..\rsbin\fsthread.cpp">
      <Filter>Source Files\rsbin</Filter>
    </ClCompile>
    <ClCompile Include="..\..\rsbin\pngreader.cpp">
      <Filter>Source Files\rsbin</Filter>
    </ClCompile>
    <ClCompile Include="..\..\rsbin\pngwriter.cpp">
      <Filter>Source Files\rsbin</Filter>
    </ClCompile>
    <ClCompile Include="..\..\client-console\main.cpp">
      <Filter>Source Files</Filter>
    </ClCompile>
    <ClCompile Include="..\..\client-console\window.cpp">
      <Filter>Source Files</Filter>
    </ClCompile>
    <ClCompile Include="..\..\build\vs120-$(Platform)-$(Configuration)\client-console\luainit.cpp">
      <Filter>Source Files</Filter>
    </ClCompile>
    <ClCompile Include="..\..\build\vs120-$(Platform)-$(Configuration)\client-console\methodlist.cpp">
      <Filter>Source Files</Filter>
    </ClCompile>
  </ItemGroup>
  <ItemGroup>
    <ClInclude Include="..\..\utils\cbase.hpp">
      <Filter>Source Files\utils</Filter>
    </ClInclude>
    <ClInclude Include="..\..\utils\configset.hpp">
      <Filter>Source Files\utils</Filter>
    </ClInclude>
    <ClInclude Include="..\..\utils\console.hpp">
      <Filter>Source Files\utils</Filter>
    </ClInclude>
    <ClInclude Include="..\..\utils\cyclicbuffer.hpp">
      <Filter>Source Files\utils</Filter>
    </ClInclude>
    <ClInclude Include="..\..\utils\databuffer.hpp">
      <Filter>Source Files\utils</Filter>
    </ClInclude>
    <ClInclude Include="..\..\utils\encoding.hpp">
      <Filter>Source Files\utils</Filter>
    </ClInclude>
    <ClInclude Include="..\..\utils\flaglock.hpp">
      <Filter>Source Files\utils</Filter>
    </ClInclude>
    <ClInclude Include="..\..\utils\mpsclist.hpp">
      <Filter>Source Files\utils</Filter>
    </ClInclude>
    <ClInclude Include="..\..\utils\mpscqueue.hpp">
      <Filter>Source Files\utils</Filter>
    </ClInclude>
    <ClInclude Include="..\..\utils\path.hpp">
      <Filter>Source Files\utils</Filter>
    </ClInclude>
    <ClInclude Include="..\..\utils\ref.hpp">
      <Filter>Source Files\utils</Filter>
    </ClInclude>
    <ClInclude Include="..\..\utils\refobject.hpp">
      <Filter>Source Files\utils</Filter>
    </ClInclude>
    <ClInclude Include="..\..\utils\singleton.hpp">
      <Filter>Source Files\utils</Filter>
    </ClInclude>
    <ClInclude Include="..\..\utils\strexception.hpp">
      <Filter>Source Files\utils</Filter>
    </ClInclude>
    <ClInclude Include="..\..\utils\string.hpp">
      <Filter>Source Files\utils</Filter>
    </ClInclude>
    <ClInclude Include="..\..\rsbin\common.hpp">
      <Filter>Source Files\rsbin</Filter>
    </ClInclude>
    <ClInclude Include="..\..\rsbin\fileio.hpp">
      <Filter>Source Files\rsbin</Filter>
    </ClInclude>
    <ClInclude Include="..\..\rsbin\fsthread.hpp">
      <Filter>Source Files\rsbin</Filter>
    </ClInclude>
    <ClInclude Include="..\..\rsbin\pngcommon.hpp">
      <Filter>Source Files\rsbin</Filter>
    </ClInclude>
    <ClInclude Include="..\..\rsbin\pngreader.hpp">
      <Filter>Source Files\rsbin</Filter>
    </ClInclude>
    <ClInclude Include="..\..\rsbin\pngwriter.hpp">
      <Filter>Source Files\rsbin</Filter>
    </ClInclude>
    <ClInclude Include="..\..\client-console\window.hpp">
      <Filter>Source Files</Filter>
    </ClInclude>
    <ClInclude Include="..\..\build\vs120-$(Platform)-$(Configuration)\client-console\luainit.hpp">
      <Filter>Header Files</Filter>
    </ClInclude>
    <ClInclude Include="..\..\build\vs120-$(Platform)-$(Configuration)\client-console\methodlist.hpp">
      <Filter>Header Files</Filter>
    </ClInclude>
    <ClInclude Include="..\..\osapi.hpp">
      <Filter>Source Files</Filter>
    </ClInclude>
    <ClInclude Include="..\..\common.hpp">
      <Filter>Source Files</Filter>
    </ClInclude>
    <ClInclude Include="..\..\client-console\windowinfo.hpp">
      <Filter>Source Files</Filter>
    </ClInclude>
  </ItemGroup>
</Project>