<?xml version="1.0" encoding="utf-8"?>
<Project ToolsVersion="4.0" xmlns="http://schemas.microsoft.com/developer/msbuild/2003">
  <ItemGroup>
    <Filter Include="Header Files">
      <UniqueIdentifier>{b99425a2-b062-4351-a110-41707345b3e7}</UniqueIdentifier>
    </Filter>
    <Filter Include="Resource Files">
      <UniqueIdentifier>{bfdd2655-e15b-4141-8547-678cf525cb9b}</UniqueIdentifier>
    </Filter>
    <Filter Include="Source Files">
      <UniqueIdentifier>{96075c10-94fe-4a07-8447-22d041af988f}</UniqueIdentifier>
    </Filter>
  </ItemGroup>
  <ItemGroup>
    <CustomBuild Include="build.bat">
      <Filter>Source Files</Filter>
    </CustomBuild>
  </ItemGroup>
</Project>